
Microsoft Visual Studio Solution File, Format Version 12.00
# Visual Studio Version 17
VisualStudioVersion = 17.4.33213.308
MinimumVisualStudioVersion = 10.0.40219.1
Project("{FAE04EC0-301F-11D3-BF4B-00C04F79EFBC}") = "Week15OOPAndFiles", "Week15OOPAndFiles\Week15OOPAndFiles.csproj", "{DBBFA82B-83AC-48D0-8620-AF16B12ABE54}"
EndProject
Global
	GlobalSection(SolutionConfigurationPlatforms) = preSolution
		Debug|Any CPU = Debug|Any CPU
		Release|Any CPU = Release|Any CPU
	EndGlobalSection
	GlobalSection(ProjectConfigurationPlatforms) = postSolution
		{DBBFA82B-83AC-48D0-8620-AF16B12ABE54}.Debug|Any CPU.ActiveCfg = Debug|Any CPU
		{DBBFA82B-83AC-48D0-8620-AF16B12ABE54}.Debug|Any CPU.Build.0 = Debug|Any CPU
		{DBBFA82B-83AC-48D0-8620-AF16B12ABE54}.Release|Any CPU.ActiveCfg = Release|Any CPU
		{DBBFA82B-83AC-48D0-8620-AF16B12ABE54}.Release|Any CPU.Build.0 = Release|Any CPU
	EndGlobalSection
	GlobalSection(SolutionProperties) = preSolution
		HideSolutionNode = FALSE
	EndGlobalSection
	GlobalSection(ExtensibilityGlobals) = postSolution
		SolutionGuid = {69CA1D99-F55B-4362-B416-3CB4490DE1EC}
	EndGlobalSection
EndGlobal
